{
  "name": "skademy-functions",
  "version": "1.0.0",
  "lockfileVersion": 3,
  "requires": true,
  "packages": {
    "": {
      "name": "skademy-functions",
      "version": "1.0.0",
      "license": "ISC",
      "dependencies": {
        "random-number": "^0.0.9",
        "skademy-utils": "^1.0.0"
      }
    },
    "node_modules/random-number": {
      "version": "0.0.9",
      "resolved": "https://registry.npmjs.org/random-number/-/random-number-0.0.9.tgz",
      "integrity": "sha512-ipG3kRCREi/YQpi2A5QGcvDz1KemohovWmH6qGfboVyyGdR2t/7zQz0vFxrfxpbHQgPPdtVlUDaks3aikD1Ljw=="
    },
    "node_modules/skademy-utils": {
      "version": "1.0.0",
      "resolved": "https://registry.npmjs.org/skademy-utils/-/skademy-utils-1.0.0.tgz",
      "integrity": "sha512-oscFOE+whP3qj1eCmaIUONITYqg6v96Dxmig4yTy0pQl4ABSHJof9iPL69bQMVDUJTNW2HAPCpq7Il+cH7FAXw=="
    }
  }
}
