{
  "name": "module_demo",
  "version": "1.0.0",
  "lockfileVersion": 3,
  "requires": true,
  "packages": {
    "": {
      "name": "module_demo",
      "version": "1.0.0",
      "license": "ISC",
      "dependencies": {
        "calculator-skademy": "^1.0.0",
        "random-number": "^0.0.9"
      }
    },
    "node_modules/calculator-skademy": {
      "version": "1.0.0",
      "resolved": "https://registry.npmjs.org/calculator-skademy/-/calculator-skademy-1.0.0.tgz",
      "integrity": "sha512-GGTpH33b0WTMFAtUSBTAmhoklZVbiEn5dglAc/ZaLF7M/Nf/HABqd9MUQZTKJS7bGr2v8nfyY5/4fJ50atCq9w=="
    },
    "node_modules/random-number": {
      "version": "0.0.9",
      "resolved": "https://registry.npmjs.org/random-number/-/random-number-0.0.9.tgz",
      "integrity": "sha512-ipG3kRCREi/YQpi2A5QGcvDz1KemohovWmH6qGfboVyyGdR2t/7zQz0vFxrfxpbHQgPPdtVlUDaks3aikD1Ljw=="
    }
  }
}
